
Microsoft Visual Studio Solution File, Format Version 12.00
# Visual Studio Version 17
VisualStudioVersion = 17.7.34221.43
MinimumVisualStudioVersion = 10.0.40219.1
Project("{FAE04EC0-301F-11D3-BF4B-00C04F79EFBC}") = "MyWebApp", "MyWebApp\MyWebApp.csproj", "{EF4039E2-4B9B-4240-9582-B18C2D79E918}"
EndProject
Global
	GlobalSection(SolutionConfigurationPlatforms) = preSolution
		Debug|Any CPU = Debug|Any CPU
		Release|Any CPU = Release|Any CPU
	EndGlobalSection
	GlobalSection(ProjectConfigurationPlatforms) = postSolution
		{EF4039E2-4B9B-4240-9582-B18C2D79E918}.Debug|Any CPU.ActiveCfg = Debug|Any CPU
		{EF4039E2-4B9B-4240-9582-B18C2D79E918}.Debug|Any CPU.Build.0 = Debug|Any CPU
		{EF4039E2-4B9B-4240-9582-B18C2D79E918}.Release|Any CPU.ActiveCfg = Release|Any CPU
		{EF4039E2-4B9B-4240-9582-B18C2D79E918}.Release|Any CPU.Build.0 = Release|Any CPU
	EndGlobalSection
	GlobalSection(SolutionProperties) = preSolution
		HideSolutionNode = FALSE
	EndGlobalSection
	GlobalSection(ExtensibilityGlobals) = postSolution
		SolutionGuid = {0A3F8F5E-67FF-40E1-8AFC-257A7609E7B3}
	EndGlobalSection
EndGlobal
